
Microsoft Visual Studio Solution File, Format Version 12.00
# Visual Studio Version 16
VisualStudioVersion = 16.0.30011.22
MinimumVisualStudioVersion = 15.0.26124.0
Project("{9A19103F-16F7-4668-BE54-9A1E7A4F7556}") = "Lab09LinqInManhattan", "Lab09LinqInManhattan\Lab09LinqInManhattan.csproj", "{6056201E-8B71-4451-A531-F3043E013F4E}"
EndProject
Project("{FAE04EC0-301F-11D3-BF4B-00C04F79EFBC}") = "Lab09LinqInManhattan.Tests", "Lab09LinqInManhattan.Tests\Lab09LinqInManhattan.Tests.csproj", "{A26F24C2-BD1A-4F20-8727-0B023E0EEA61}"
EndProject
Global
	GlobalSection(SolutionConfigurationPlatforms) = preSolution
		Debug|Any CPU = Debug|Any CPU
		Debug|x64 = Debug|x64
		Debug|x86 = Debug|x86
		Release|Any CPU = Release|Any CPU
		Release|x64 = Release|x64
		Release|x86 = Release|x86
	EndGlobalSection
	GlobalSection(ProjectConfigurationPlatforms) = postSolution
		{6056201E-8B71-4451-A531-F3043E013F4E}.Debug|Any CPU.ActiveCfg = Debug|Any CPU
		{6056201E-8B71-4451-A531-F3043E013F4E}.Debug|Any CPU.Build.0 = Debug|Any CPU
		{6056201E-8B71-4451-A531-F3043E013F4E}.Debug|x64.ActiveCfg = Debug|Any CPU
		{6056201E-8B71-4451-A531-F3043E013F4E}.Debug|x64.Build.0 = Debug|Any CPU
		{6056201E-8B71-4451-A531-F3043E013F4E}.Debug|x86.ActiveCfg = Debug|Any CPU
		{6056201E-8B71-4451-A531-F3043E013F4E}.Debug|x86.Build.0 = Debug|Any CPU
		{6056201E-8B71-4451-A531-F3043E013F4E}.Release|Any CPU.ActiveCfg = Release|Any CPU
		{6056201E-8B71-4451-A531-F3043E013F4E}.Release|Any CPU.Build.0 = Release|Any CPU
		{6056201E-8B71-4451-A531-F3043E013F4E}.Release|x64.ActiveCfg = Release|Any CPU
		{6056201E-8B71-4451-A531-F3043E013F4E}.Release|x64.Build.0 = Release|Any CPU
		{6056201E-8B71-4451-A531-F3043E013F4E}.Release|x86.ActiveCfg = Release|Any CPU
		{6056201E-8B71-4451-A531-F3043E013F4E}.Release|x86.Build.0 = Release|Any CPU
		{A26F24C2-BD1A-4F20-8727-0B023E0EEA61}.Debug|Any CPU.ActiveCfg = Debug|Any CPU
		{A26F24C2-BD1A-4F20-8727-0B023E0EEA61}.Debug|Any CPU.Build.0 = Debug|Any CPU
		{A26F24C2-BD1A-4F20-8727-0B023E0EEA61}.Debug|x64.ActiveCfg = Debug|Any CPU
		{A26F24C2-BD1A-4F20-8727-0B023E0EEA61}.Debug|x64.Build.0 = Debug|Any CPU
		{A26F24C2-BD1A-4F20-8727-0B023E0EEA61}.Debug|x86.ActiveCfg = Debug|Any CPU
		{A26F24C2-BD1A-4F20-8727-0B023E0EEA61}.Debug|x86.Build.0 = Debug|Any CPU
		{A26F24C2-BD1A-4F20-8727-0B023E0EEA61}.Release|Any CPU.ActiveCfg = Release|Any CPU
		{A26F24C2-BD1A-4F20-8727-0B023E0EEA61}.Release|Any CPU.Build.0 = Release|Any CPU
		{A26F24C2-BD1A-4F20-8727-0B023E0EEA61}.Release|x64.ActiveCfg = Release|Any CPU
		{A26F24C2-BD1A-4F20-8727-0B023E0EEA61}.Release|x64.Build.0 = Release|Any CPU
		{A26F24C2-BD1A-4F20-8727-0B023E0EEA61}.Release|x86.ActiveCfg = Release|Any CPU
		{A26F24C2-BD1A-4F20-8727-0B023E0EEA61}.Release|x86.Build.0 = Release|Any CPU
	EndGlobalSection
	GlobalSection(SolutionProperties) = preSolution
		HideSolutionNode = FALSE
	EndGlobalSection
	GlobalSection(ExtensibilityGlobals) = postSolution
		SolutionGuid = {CB3534B1-3D2F-42AF-AA95-4635AB61A845}
	EndGlobalSection
EndGlobal
